
Microsoft Visual Studio Solution File, Format Version 12.00
# Visual Studio Version 16
VisualStudioVersion = 16.0.32106.194
MinimumVisualStudioVersion = 10.0.40219.1
Project("{FAE04EC0-301F-11D3-BF4B-00C04F79EFBC}") = "CarRepairShop", "CarRepairShop\CarRepairShop.csproj", "{EA64E7D4-3929-495E-9560-248BB9D791FD}"
EndProject
Global
	GlobalSection(SolutionConfigurationPlatforms) = preSolution
		Debug|Any CPU = Debug|Any CPU
		Release|Any CPU = Release|Any CPU
	EndGlobalSection
	GlobalSection(ProjectConfigurationPlatforms) = postSolution
		{EA64E7D4-3929-495E-9560-248BB9D791FD}.Debug|Any CPU.ActiveCfg = Debug|Any CPU
		{EA64E7D4-3929-495E-9560-248BB9D791FD}.Debug|Any CPU.Build.0 = Debug|Any CPU
		{EA64E7D4-3929-495E-9560-248BB9D791FD}.Release|Any CPU.ActiveCfg = Release|Any CPU
		{EA64E7D4-3929-495E-9560-248BB9D791FD}.Release|Any CPU.Build.0 = Release|Any CPU
	EndGlobalSection
	GlobalSection(SolutionProperties) = preSolution
		HideSolutionNode = FALSE
	EndGlobalSection
	GlobalSection(ExtensibilityGlobals) = postSolution
		SolutionGuid = {90E6671B-43A9-4959-95D1-68F7255482F2}
	EndGlobalSection
EndGlobal
